
Microsoft Visual Studio Solution File, Format Version 12.00
# Visual Studio 15
VisualStudioVersion = 15.0.28010.2003
MinimumVisualStudioVersion = 10.0.40219.1
Project("{9A19103F-16F7-4668-BE54-9A1E7A4F7556}") = "FluentFixture", "FluentFixture\FluentFixture.csproj", "{29C848E2-36E5-416D-876E-AFFE5B665659}"
EndProject
Project("{FAE04EC0-301F-11D3-BF4B-00C04F79EFBC}") = "FluentFixture.Example", "FluentFixture.Example\FluentFixture.Example.csproj", "{8665C339-9F22-4090-956B-77F0E2C0F5B7}"
EndProject
Global
	GlobalSection(SolutionConfigurationPlatforms) = preSolution
		Debug|Any CPU = Debug|Any CPU
		Release|Any CPU = Release|Any CPU
	EndGlobalSection
	GlobalSection(ProjectConfigurationPlatforms) = postSolution
		{29C848E2-36E5-416D-876E-AFFE5B665659}.Debug|Any CPU.ActiveCfg = Debug|Any CPU
		{29C848E2-36E5-416D-876E-AFFE5B665659}.Debug|Any CPU.Build.0 = Debug|Any CPU
		{29C848E2-36E5-416D-876E-AFFE5B665659}.Release|Any CPU.ActiveCfg = Release|Any CPU
		{29C848E2-36E5-416D-876E-AFFE5B665659}.Release|Any CPU.Build.0 = Release|Any CPU
		{8665C339-9F22-4090-956B-77F0E2C0F5B7}.Debug|Any CPU.ActiveCfg = Debug|Any CPU
		{8665C339-9F22-4090-956B-77F0E2C0F5B7}.Debug|Any CPU.Build.0 = Debug|Any CPU
		{8665C339-9F22-4090-956B-77F0E2C0F5B7}.Release|Any CPU.ActiveCfg = Release|Any CPU
		{8665C339-9F22-4090-956B-77F0E2C0F5B7}.Release|Any CPU.Build.0 = Release|Any CPU
	EndGlobalSection
	GlobalSection(SolutionProperties) = preSolution
		HideSolutionNode = FALSE
	EndGlobalSection
	GlobalSection(ExtensibilityGlobals) = postSolution
		SolutionGuid = {F90E0CC1-7CF1-4A44-A353-9EF64CE48C33}
	EndGlobalSection
EndGlobal
